
Microsoft Visual Studio Solution File, Format Version 12.00
# Visual Studio Version 16
VisualStudioVersion = 16.0.30413.136
MinimumVisualStudioVersion = 10.0.40219.1
Project("{9A19103F-16F7-4668-BE54-9A1E7A4F7556}") = "Laboratorio6-ED2", "Laboratorio6-ED2.csproj", "{E0CCB29E-A77C-46AC-B284-5259CA088E4E}"
EndProject
Project("{9A19103F-16F7-4668-BE54-9A1E7A4F7556}") = "CifradoRSA", "..\CifradoRSA\CifradoRSA.csproj", "{9B4DE4A1-7B1E-470F-A002-02E4C62D5858}"
EndProject
Project("{FAE04EC0-301F-11D3-BF4B-00C04F79EFBC}") = "Pruebas", "..\Pruebas\Pruebas.csproj", "{96EB9CE9-05AA-456C-B9A1-1021BF1321B6}"
EndProject
Global
	GlobalSection(SolutionConfigurationPlatforms) = preSolution
		Debug|Any CPU = Debug|Any CPU
		Release|Any CPU = Release|Any CPU
	EndGlobalSection
	GlobalSection(ProjectConfigurationPlatforms) = postSolution
		{E0CCB29E-A77C-46AC-B284-5259CA088E4E}.Debug|Any CPU.ActiveCfg = Debug|Any CPU
		{E0CCB29E-A77C-46AC-B284-5259CA088E4E}.Debug|Any CPU.Build.0 = Debug|Any CPU
		{E0CCB29E-A77C-46AC-B284-5259CA088E4E}.Release|Any CPU.ActiveCfg = Release|Any CPU
		{E0CCB29E-A77C-46AC-B284-5259CA088E4E}.Release|Any CPU.Build.0 = Release|Any CPU
		{9B4DE4A1-7B1E-470F-A002-02E4C62D5858}.Debug|Any CPU.ActiveCfg = Debug|Any CPU
		{9B4DE4A1-7B1E-470F-A002-02E4C62D5858}.Debug|Any CPU.Build.0 = Debug|Any CPU
		{9B4DE4A1-7B1E-470F-A002-02E4C62D5858}.Release|Any CPU.ActiveCfg = Release|Any CPU
		{9B4DE4A1-7B1E-470F-A002-02E4C62D5858}.Release|Any CPU.Build.0 = Release|Any CPU
		{96EB9CE9-05AA-456C-B9A1-1021BF1321B6}.Debug|Any CPU.ActiveCfg = Debug|Any CPU
		{96EB9CE9-05AA-456C-B9A1-1021BF1321B6}.Debug|Any CPU.Build.0 = Debug|Any CPU
		{96EB9CE9-05AA-456C-B9A1-1021BF1321B6}.Release|Any CPU.ActiveCfg = Release|Any CPU
		{96EB9CE9-05AA-456C-B9A1-1021BF1321B6}.Release|Any CPU.Build.0 = Release|Any CPU
	EndGlobalSection
	GlobalSection(SolutionProperties) = preSolution
		HideSolutionNode = FALSE
	EndGlobalSection
	GlobalSection(ExtensibilityGlobals) = postSolution
		SolutionGuid = {D3302E57-482B-4E19-A0DE-DCEAC728BA1C}
	EndGlobalSection
EndGlobal
